
Microsoft Visual Studio Solution File, Format Version 12.00
# Visual Studio 15
VisualStudioVersion = 15.0.26124.0
MinimumVisualStudioVersion = 15.0.26124.0
Project("{FAE04EC0-301F-11D3-BF4B-00C04F79EFBC}") = "soft.demo.naming", "soft.demo.naming\soft.demo.naming.csproj", "{6D1E6257-A598-40BF-B6AF-12DBF2C58D70}"
EndProject
Project("{FAE04EC0-301F-11D3-BF4B-00C04F79EFBC}") = "soft.demo.function", "soft.demo.function\soft.demo.function.csproj", "{E643E854-B524-4F74-B967-29679877CFA8}"
EndProject
Project("{FAE04EC0-301F-11D3-BF4B-00C04F79EFBC}") = "soft.demo.structure", "soft.demo.structure\soft.demo.structure.csproj", "{21C4836C-9DD1-4545-A7FA-8FBFCEB1F93C}"
EndProject
Project("{2150E333-8FDC-42A3-9474-1A3956D46DE8}") = "soft.demo.testing", "soft.demo.testing", "{DA96883B-C4C6-4765-9031-74B9C3F604A7}"
EndProject
Project("{FAE04EC0-301F-11D3-BF4B-00C04F79EFBC}") = "soft.demo.comment", "soft.demo.comment\soft.demo.comment.csproj", "{38AED29B-21DB-4627-A430-1A6A6C3302D9}"
EndProject
Project("{2150E333-8FDC-42A3-9474-1A3956D46DE8}") = "soft.demo.classes", "soft.demo.classes", "{DBBE8151-C4B5-4090-B0AE-C55E714B47AF}"
EndProject
Project("{FAE04EC0-301F-11D3-BF4B-00C04F79EFBC}") = "soft.demo.dip", "soft.demo.classes\soft.demo.dip\soft.demo.dip.csproj", "{CD84879D-2799-4A4C-A3D3-C077AD10635E}"
EndProject
Project("{FAE04EC0-301F-11D3-BF4B-00C04F79EFBC}") = "soft.demo.isp", "soft.demo.classes\soft.demo.isp\soft.demo.isp.csproj", "{66135556-2367-4233-AD21-0ECC1B632D84}"
EndProject
Project("{FAE04EC0-301F-11D3-BF4B-00C04F79EFBC}") = "soft.demo.lsp", "soft.demo.classes\soft.demo.lsp\soft.demo.lsp.csproj", "{0C26E087-7589-4A5A-92D6-2A083B6256BA}"
EndProject
Project("{FAE04EC0-301F-11D3-BF4B-00C04F79EFBC}") = "soft.demo.ocp", "soft.demo.classes\soft.demo.ocp\soft.demo.ocp.csproj", "{6FA7D90E-34C1-4CEB-9921-0E71A6DD97F6}"
EndProject
Project("{FAE04EC0-301F-11D3-BF4B-00C04F79EFBC}") = "soft.demo.organization", "soft.demo.classes\soft.demo.organization\soft.demo.organization.csproj", "{56AC4A2E-E851-4246-8166-06BD2C9D7064}"
EndProject
Project("{FAE04EC0-301F-11D3-BF4B-00C04F79EFBC}") = "soft.demo.srp", "soft.demo.classes\soft.demo.srp\soft.demo.srp.csproj", "{244B7D4E-3A24-4F1D-A776-40BFF65D9BFE}"
EndProject
Global
	GlobalSection(SolutionConfigurationPlatforms) = preSolution
		Debug|Any CPU = Debug|Any CPU
		Debug|x64 = Debug|x64
		Debug|x86 = Debug|x86
		Release|Any CPU = Release|Any CPU
		Release|x64 = Release|x64
		Release|x86 = Release|x86
	EndGlobalSection
	GlobalSection(SolutionProperties) = preSolution
		HideSolutionNode = FALSE
	EndGlobalSection
	GlobalSection(ProjectConfigurationPlatforms) = postSolution
		{6D1E6257-A598-40BF-B6AF-12DBF2C58D70}.Debug|Any CPU.ActiveCfg = Debug|Any CPU
		{6D1E6257-A598-40BF-B6AF-12DBF2C58D70}.Debug|Any CPU.Build.0 = Debug|Any CPU
		{6D1E6257-A598-40BF-B6AF-12DBF2C58D70}.Debug|x64.ActiveCfg = Debug|Any CPU
		{6D1E6257-A598-40BF-B6AF-12DBF2C58D70}.Debug|x64.Build.0 = Debug|Any CPU
		{6D1E6257-A598-40BF-B6AF-12DBF2C58D70}.Debug|x86.ActiveCfg = Debug|Any CPU
		{6D1E6257-A598-40BF-B6AF-12DBF2C58D70}.Debug|x86.Build.0 = Debug|Any CPU
		{6D1E6257-A598-40BF-B6AF-12DBF2C58D70}.Release|Any CPU.ActiveCfg = Release|Any CPU
		{6D1E6257-A598-40BF-B6AF-12DBF2C58D70}.Release|Any CPU.Build.0 = Release|Any CPU
		{6D1E6257-A598-40BF-B6AF-12DBF2C58D70}.Release|x64.ActiveCfg = Release|Any CPU
		{6D1E6257-A598-40BF-B6AF-12DBF2C58D70}.Release|x64.Build.0 = Release|Any CPU
		{6D1E6257-A598-40BF-B6AF-12DBF2C58D70}.Release|x86.ActiveCfg = Release|Any CPU
		{6D1E6257-A598-40BF-B6AF-12DBF2C58D70}.Release|x86.Build.0 = Release|Any CPU
		{E643E854-B524-4F74-B967-29679877CFA8}.Debug|Any CPU.ActiveCfg = Debug|Any CPU
		{E643E854-B524-4F74-B967-29679877CFA8}.Debug|Any CPU.Build.0 = Debug|Any CPU
		{E643E854-B524-4F74-B967-29679877CFA8}.Debug|x64.ActiveCfg = Debug|Any CPU
		{E643E854-B524-4F74-B967-29679877CFA8}.Debug|x64.Build.0 = Debug|Any CPU
		{E643E854-B524-4F74-B967-29679877CFA8}.Debug|x86.ActiveCfg = Debug|Any CPU
		{E643E854-B524-4F74-B967-29679877CFA8}.Debug|x86.Build.0 = Debug|Any CPU
		{E643E854-B524-4F74-B967-29679877CFA8}.Release|Any CPU.ActiveCfg = Release|Any CPU
		{E643E854-B524-4F74-B967-29679877CFA8}.Release|Any CPU.Build.0 = Release|Any CPU
		{E643E854-B524-4F74-B967-29679877CFA8}.Release|x64.ActiveCfg = Release|Any CPU
		{E643E854-B524-4F74-B967-29679877CFA8}.Release|x64.Build.0 = Release|Any CPU
		{E643E854-B524-4F74-B967-29679877CFA8}.Release|x86.ActiveCfg = Release|Any CPU
		{E643E854-B524-4F74-B967-29679877CFA8}.Release|x86.Build.0 = Release|Any CPU
		{21C4836C-9DD1-4545-A7FA-8FBFCEB1F93C}.Debug|Any CPU.ActiveCfg = Debug|Any CPU
		{21C4836C-9DD1-4545-A7FA-8FBFCEB1F93C}.Debug|Any CPU.Build.0 = Debug|Any CPU
		{21C4836C-9DD1-4545-A7FA-8FBFCEB1F93C}.Debug|x64.ActiveCfg = Debug|Any CPU
		{21C4836C-9DD1-4545-A7FA-8FBFCEB1F93C}.Debug|x64.Build.0 = Debug|Any CPU
		{21C4836C-9DD1-4545-A7FA-8FBFCEB1F93C}.Debug|x86.ActiveCfg = Debug|Any CPU
		{21C4836C-9DD1-4545-A7FA-8FBFCEB1F93C}.Debug|x86.Build.0 = Debug|Any CPU
		{21C4836C-9DD1-4545-A7FA-8FBFCEB1F93C}.Release|Any CPU.ActiveCfg = Release|Any CPU
		{21C4836C-9DD1-4545-A7FA-8FBFCEB1F93C}.Release|Any CPU.Build.0 = Release|Any CPU
		{21C4836C-9DD1-4545-A7FA-8FBFCEB1F93C}.Release|x64.ActiveCfg = Release|Any CPU
		{21C4836C-9DD1-4545-A7FA-8FBFCEB1F93C}.Release|x64.Build.0 = Release|Any CPU
		{21C4836C-9DD1-4545-A7FA-8FBFCEB1F93C}.Release|x86.ActiveCfg = Release|Any CPU
		{21C4836C-9DD1-4545-A7FA-8FBFCEB1F93C}.Release|x86.Build.0 = Release|Any CPU
		{41D3D39E-2A74-4FB7-9D94-0B157AD499A2}.Debug|Any CPU.ActiveCfg = Debug|Any CPU
		{41D3D39E-2A74-4FB7-9D94-0B157AD499A2}.Debug|Any CPU.Build.0 = Debug|Any CPU
		{41D3D39E-2A74-4FB7-9D94-0B157AD499A2}.Debug|x64.ActiveCfg = Debug|Any CPU
		{41D3D39E-2A74-4FB7-9D94-0B157AD499A2}.Debug|x64.Build.0 = Debug|Any CPU
		{41D3D39E-2A74-4FB7-9D94-0B157AD499A2}.Debug|x86.ActiveCfg = Debug|Any CPU
		{41D3D39E-2A74-4FB7-9D94-0B157AD499A2}.Debug|x86.Build.0 = Debug|Any CPU
		{41D3D39E-2A74-4FB7-9D94-0B157AD499A2}.Release|Any CPU.ActiveCfg = Release|Any CPU
		{41D3D39E-2A74-4FB7-9D94-0B157AD499A2}.Release|Any CPU.Build.0 = Release|Any CPU
		{41D3D39E-2A74-4FB7-9D94-0B157AD499A2}.Release|x64.ActiveCfg = Release|Any CPU
		{41D3D39E-2A74-4FB7-9D94-0B157AD499A2}.Release|x64.Build.0 = Release|Any CPU
		{41D3D39E-2A74-4FB7-9D94-0B157AD499A2}.Release|x86.ActiveCfg = Release|Any CPU
		{41D3D39E-2A74-4FB7-9D94-0B157AD499A2}.Release|x86.Build.0 = Release|Any CPU
		{125B931A-68C4-4F41-925D-C5BA2A297DE4}.Debug|Any CPU.ActiveCfg = Debug|Any CPU
		{125B931A-68C4-4F41-925D-C5BA2A297DE4}.Debug|Any CPU.Build.0 = Debug|Any CPU
		{125B931A-68C4-4F41-925D-C5BA2A297DE4}.Debug|x64.ActiveCfg = Debug|Any CPU
		{125B931A-68C4-4F41-925D-C5BA2A297DE4}.Debug|x64.Build.0 = Debug|Any CPU
		{125B931A-68C4-4F41-925D-C5BA2A297DE4}.Debug|x86.ActiveCfg = Debug|Any CPU
		{125B931A-68C4-4F41-925D-C5BA2A297DE4}.Debug|x86.Build.0 = Debug|Any CPU
		{125B931A-68C4-4F41-925D-C5BA2A297DE4}.Release|Any CPU.ActiveCfg = Release|Any CPU
		{125B931A-68C4-4F41-925D-C5BA2A297DE4}.Release|Any CPU.Build.0 = Release|Any CPU
		{125B931A-68C4-4F41-925D-C5BA2A297DE4}.Release|x64.ActiveCfg = Release|Any CPU
		{125B931A-68C4-4F41-925D-C5BA2A297DE4}.Release|x64.Build.0 = Release|Any CPU
		{125B931A-68C4-4F41-925D-C5BA2A297DE4}.Release|x86.ActiveCfg = Release|Any CPU
		{125B931A-68C4-4F41-925D-C5BA2A297DE4}.Release|x86.Build.0 = Release|Any CPU
		{8E805B8F-3B03-4253-A70C-94CA54C8EEE0}.Debug|Any CPU.ActiveCfg = Debug|Any CPU
		{8E805B8F-3B03-4253-A70C-94CA54C8EEE0}.Debug|Any CPU.Build.0 = Debug|Any CPU
		{8E805B8F-3B03-4253-A70C-94CA54C8EEE0}.Debug|x64.ActiveCfg = Debug|Any CPU
		{8E805B8F-3B03-4253-A70C-94CA54C8EEE0}.Debug|x64.Build.0 = Debug|Any CPU
		{8E805B8F-3B03-4253-A70C-94CA54C8EEE0}.Debug|x86.ActiveCfg = Debug|Any CPU
		{8E805B8F-3B03-4253-A70C-94CA54C8EEE0}.Debug|x86.Build.0 = Debug|Any CPU
		{8E805B8F-3B03-4253-A70C-94CA54C8EEE0}.Release|Any CPU.ActiveCfg = Release|Any CPU
		{8E805B8F-3B03-4253-A70C-94CA54C8EEE0}.Release|Any CPU.Build.0 = Release|Any CPU
		{8E805B8F-3B03-4253-A70C-94CA54C8EEE0}.Release|x64.ActiveCfg = Release|Any CPU
		{8E805B8F-3B03-4253-A70C-94CA54C8EEE0}.Release|x64.Build.0 = Release|Any CPU
		{8E805B8F-3B03-4253-A70C-94CA54C8EEE0}.Release|x86.ActiveCfg = Release|Any CPU
		{8E805B8F-3B03-4253-A70C-94CA54C8EEE0}.Release|x86.Build.0 = Release|Any CPU
		{38AED29B-21DB-4627-A430-1A6A6C3302D9}.Debug|Any CPU.ActiveCfg = Debug|Any CPU
		{38AED29B-21DB-4627-A430-1A6A6C3302D9}.Debug|Any CPU.Build.0 = Debug|Any CPU
		{38AED29B-21DB-4627-A430-1A6A6C3302D9}.Debug|x64.ActiveCfg = Debug|Any CPU
		{38AED29B-21DB-4627-A430-1A6A6C3302D9}.Debug|x64.Build.0 = Debug|Any CPU
		{38AED29B-21DB-4627-A430-1A6A6C3302D9}.Debug|x86.ActiveCfg = Debug|Any CPU
		{38AED29B-21DB-4627-A430-1A6A6C3302D9}.Debug|x86.Build.0 = Debug|Any CPU
		{38AED29B-21DB-4627-A430-1A6A6C3302D9}.Release|Any CPU.ActiveCfg = Release|Any CPU
		{38AED29B-21DB-4627-A430-1A6A6C3302D9}.Release|Any CPU.Build.0 = Release|Any CPU
		{38AED29B-21DB-4627-A430-1A6A6C3302D9}.Release|x64.ActiveCfg = Release|Any CPU
		{38AED29B-21DB-4627-A430-1A6A6C3302D9}.Release|x64.Build.0 = Release|Any CPU
		{38AED29B-21DB-4627-A430-1A6A6C3302D9}.Release|x86.ActiveCfg = Release|Any CPU
		{38AED29B-21DB-4627-A430-1A6A6C3302D9}.Release|x86.Build.0 = Release|Any CPU
		{CD84879D-2799-4A4C-A3D3-C077AD10635E}.Debug|Any CPU.ActiveCfg = Debug|Any CPU
		{CD84879D-2799-4A4C-A3D3-C077AD10635E}.Debug|Any CPU.Build.0 = Debug|Any CPU
		{CD84879D-2799-4A4C-A3D3-C077AD10635E}.Debug|x64.ActiveCfg = Debug|Any CPU
		{CD84879D-2799-4A4C-A3D3-C077AD10635E}.Debug|x64.Build.0 = Debug|Any CPU
		{CD84879D-2799-4A4C-A3D3-C077AD10635E}.Debug|x86.ActiveCfg = Debug|Any CPU
		{CD84879D-2799-4A4C-A3D3-C077AD10635E}.Debug|x86.Build.0 = Debug|Any CPU
		{CD84879D-2799-4A4C-A3D3-C077AD10635E}.Release|Any CPU.ActiveCfg = Release|Any CPU
		{CD84879D-2799-4A4C-A3D3-C077AD10635E}.Release|Any CPU.Build.0 = Release|Any CPU
		{CD84879D-2799-4A4C-A3D3-C077AD10635E}.Release|x64.ActiveCfg = Release|Any CPU
		{CD84879D-2799-4A4C-A3D3-C077AD10635E}.Release|x64.Build.0 = Release|Any CPU
		{CD84879D-2799-4A4C-A3D3-C077AD10635E}.Release|x86.ActiveCfg = Release|Any CPU
		{CD84879D-2799-4A4C-A3D3-C077AD10635E}.Release|x86.Build.0 = Release|Any CPU
		{66135556-2367-4233-AD21-0ECC1B632D84}.Debug|Any CPU.ActiveCfg = Debug|Any CPU
		{66135556-2367-4233-AD21-0ECC1B632D84}.Debug|Any CPU.Build.0 = Debug|Any CPU
		{66135556-2367-4233-AD21-0ECC1B632D84}.Debug|x64.ActiveCfg = Debug|Any CPU
		{66135556-2367-4233-AD21-0ECC1B632D84}.Debug|x64.Build.0 = Debug|Any CPU
		{66135556-2367-4233-AD21-0ECC1B632D84}.Debug|x86.ActiveCfg = Debug|Any CPU
		{66135556-2367-4233-AD21-0ECC1B632D84}.Debug|x86.Build.0 = Debug|Any CPU
		{66135556-2367-4233-AD21-0ECC1B632D84}.Release|Any CPU.ActiveCfg = Release|Any CPU
		{66135556-2367-4233-AD21-0ECC1B632D84}.Release|Any CPU.Build.0 = Release|Any CPU
		{66135556-2367-4233-AD21-0ECC1B632D84}.Release|x64.ActiveCfg = Release|Any CPU
		{66135556-2367-4233-AD21-0ECC1B632D84}.Release|x64.Build.0 = Release|Any CPU
		{66135556-2367-4233-AD21-0ECC1B632D84}.Release|x86.ActiveCfg = Release|Any CPU
		{66135556-2367-4233-AD21-0ECC1B632D84}.Release|x86.Build.0 = Release|Any CPU
		{0C26E087-7589-4A5A-92D6-2A083B6256BA}.Debug|Any CPU.ActiveCfg = Debug|Any CPU
		{0C26E087-7589-4A5A-92D6-2A083B6256BA}.Debug|Any CPU.Build.0 = Debug|Any CPU
		{0C26E087-7589-4A5A-92D6-2A083B6256BA}.Debug|x64.ActiveCfg = Debug|Any CPU
		{0C26E087-7589-4A5A-92D6-2A083B6256BA}.Debug|x64.Build.0 = Debug|Any CPU
		{0C26E087-7589-4A5A-92D6-2A083B6256BA}.Debug|x86.ActiveCfg = Debug|Any CPU
		{0C26E087-7589-4A5A-92D6-2A083B6256BA}.Debug|x86.Build.0 = Debug|Any CPU
		{0C26E087-7589-4A5A-92D6-2A083B6256BA}.Release|Any CPU.ActiveCfg = Release|Any CPU
		{0C26E087-7589-4A5A-92D6-2A083B6256BA}.Release|Any CPU.Build.0 = Release|Any CPU
		{0C26E087-7589-4A5A-92D6-2A083B6256BA}.Release|x64.ActiveCfg = Release|Any CPU
		{0C26E087-7589-4A5A-92D6-2A083B6256BA}.Release|x64.Build.0 = Release|Any CPU
		{0C26E087-7589-4A5A-92D6-2A083B6256BA}.Release|x86.ActiveCfg = Release|Any CPU
		{0C26E087-7589-4A5A-92D6-2A083B6256BA}.Release|x86.Build.0 = Release|Any CPU
		{6FA7D90E-34C1-4CEB-9921-0E71A6DD97F6}.Debug|Any CPU.ActiveCfg = Debug|Any CPU
		{6FA7D90E-34C1-4CEB-9921-0E71A6DD97F6}.Debug|Any CPU.Build.0 = Debug|Any CPU
		{6FA7D90E-34C1-4CEB-9921-0E71A6DD97F6}.Debug|x64.ActiveCfg = Debug|Any CPU
		{6FA7D90E-34C1-4CEB-9921-0E71A6DD97F6}.Debug|x64.Build.0 = Debug|Any CPU
		{6FA7D90E-34C1-4CEB-9921-0E71A6DD97F6}.Debug|x86.ActiveCfg = Debug|Any CPU
		{6FA7D90E-34C1-4CEB-9921-0E71A6DD97F6}.Debug|x86.Build.0 = Debug|Any CPU
		{6FA7D90E-34C1-4CEB-9921-0E71A6DD97F6}.Release|Any CPU.ActiveCfg = Release|Any CPU
		{6FA7D90E-34C1-4CEB-9921-0E71A6DD97F6}.Release|Any CPU.Build.0 = Release|Any CPU
		{6FA7D90E-34C1-4CEB-9921-0E71A6DD97F6}.Release|x64.ActiveCfg = Release|Any CPU
		{6FA7D90E-34C1-4CEB-9921-0E71A6DD97F6}.Release|x64.Build.0 = Release|Any CPU
		{6FA7D90E-34C1-4CEB-9921-0E71A6DD97F6}.Release|x86.ActiveCfg = Release|Any CPU
		{6FA7D90E-34C1-4CEB-9921-0E71A6DD97F6}.Release|x86.Build.0 = Release|Any CPU
		{56AC4A2E-E851-4246-8166-06BD2C9D7064}.Debug|Any CPU.ActiveCfg = Debug|Any CPU
		{56AC4A2E-E851-4246-8166-06BD2C9D7064}.Debug|Any CPU.Build.0 = Debug|Any CPU
		{56AC4A2E-E851-4246-8166-06BD2C9D7064}.Debug|x64.ActiveCfg = Debug|Any CPU
		{56AC4A2E-E851-4246-8166-06BD2C9D7064}.Debug|x64.Build.0 = Debug|Any CPU
		{56AC4A2E-E851-4246-8166-06BD2C9D7064}.Debug|x86.ActiveCfg = Debug|Any CPU
		{56AC4A2E-E851-4246-8166-06BD2C9D7064}.Debug|x86.Build.0 = Debug|Any CPU
		{56AC4A2E-E851-4246-8166-06BD2C9D7064}.Release|Any CPU.ActiveCfg = Release|Any CPU
		{56AC4A2E-E851-4246-8166-06BD2C9D7064}.Release|Any CPU.Build.0 = Release|Any CPU
		{56AC4A2E-E851-4246-8166-06BD2C9D7064}.Release|x64.ActiveCfg = Release|Any CPU
		{56AC4A2E-E851-4246-8166-06BD2C9D7064}.Release|x64.Build.0 = Release|Any CPU
		{56AC4A2E-E851-4246-8166-06BD2C9D7064}.Release|x86.ActiveCfg = Release|Any CPU
		{56AC4A2E-E851-4246-8166-06BD2C9D7064}.Release|x86.Build.0 = Release|Any CPU
		{244B7D4E-3A24-4F1D-A776-40BFF65D9BFE}.Debug|Any CPU.ActiveCfg = Debug|Any CPU
		{244B7D4E-3A24-4F1D-A776-40BFF65D9BFE}.Debug|Any CPU.Build.0 = Debug|Any CPU
		{244B7D4E-3A24-4F1D-A776-40BFF65D9BFE}.Debug|x64.ActiveCfg = Debug|Any CPU
		{244B7D4E-3A24-4F1D-A776-40BFF65D9BFE}.Debug|x64.Build.0 = Debug|Any CPU
		{244B7D4E-3A24-4F1D-A776-40BFF65D9BFE}.Debug|x86.ActiveCfg = Debug|Any CPU
		{244B7D4E-3A24-4F1D-A776-40BFF65D9BFE}.Debug|x86.Build.0 = Debug|Any CPU
		{244B7D4E-3A24-4F1D-A776-40BFF65D9BFE}.Release|Any CPU.ActiveCfg = Release|Any CPU
		{244B7D4E-3A24-4F1D-A776-40BFF65D9BFE}.Release|Any CPU.Build.0 = Release|Any CPU
		{244B7D4E-3A24-4F1D-A776-40BFF65D9BFE}.Release|x64.ActiveCfg = Release|Any CPU
		{244B7D4E-3A24-4F1D-A776-40BFF65D9BFE}.Release|x64.Build.0 = Release|Any CPU
		{244B7D4E-3A24-4F1D-A776-40BFF65D9BFE}.Release|x86.ActiveCfg = Release|Any CPU
		{244B7D4E-3A24-4F1D-A776-40BFF65D9BFE}.Release|x86.Build.0 = Release|Any CPU
	EndGlobalSection
	GlobalSection(NestedProjects) = preSolution
		{125B931A-68C4-4F41-925D-C5BA2A297DE4} = {DA96883B-C4C6-4765-9031-74B9C3F604A7}
		{8E805B8F-3B03-4253-A70C-94CA54C8EEE0} = {DA96883B-C4C6-4765-9031-74B9C3F604A7}
		{CD84879D-2799-4A4C-A3D3-C077AD10635E} = {DBBE8151-C4B5-4090-B0AE-C55E714B47AF}
		{66135556-2367-4233-AD21-0ECC1B632D84} = {DBBE8151-C4B5-4090-B0AE-C55E714B47AF}
		{0C26E087-7589-4A5A-92D6-2A083B6256BA} = {DBBE8151-C4B5-4090-B0AE-C55E714B47AF}
		{6FA7D90E-34C1-4CEB-9921-0E71A6DD97F6} = {DBBE8151-C4B5-4090-B0AE-C55E714B47AF}
		{56AC4A2E-E851-4246-8166-06BD2C9D7064} = {DBBE8151-C4B5-4090-B0AE-C55E714B47AF}
		{244B7D4E-3A24-4F1D-A776-40BFF65D9BFE} = {DBBE8151-C4B5-4090-B0AE-C55E714B47AF}
	EndGlobalSection
EndGlobal
